
Microsoft Visual Studio Solution File, Format Version 12.00
# Visual Studio 15
VisualStudioVersion = 15.0.28307.852
MinimumVisualStudioVersion = 10.0.40219.1
Project("{FAE04EC0-301F-11D3-BF4B-00C04F79EFBC}") = "01_UnreliableApp", "01_UnrealiableApp\01_UnreliableApp.csproj", "{E658D0BF-E4DA-4146-90E0-58ABBA7EDFA3}"
EndProject
Project("{FAE04EC0-301F-11D3-BF4B-00C04F79EFBC}") = "02_ReliableApp", "02_RealiableApp\02_ReliableApp.csproj", "{02DEC5F3-34B9-4A4E-92D2-AFDC4B6E85A1}"
EndProject
Project("{FAE04EC0-301F-11D3-BF4B-00C04F79EFBC}") = "03.ReliableApp", "03.ReliableApp\03.ReliableApp.csproj", "{9B19EE6F-F92F-4C9F-B301-C2F13403BE3E}"
EndProject
Project("{FAE04EC0-301F-11D3-BF4B-00C04F79EFBC}") = "04.ReliableApp", "04.ReliableApp\04.ReliableApp.csproj", "{59BDF2B0-6985-480A-A181-212FEBBC6350}"
EndProject
Project("{FAE04EC0-301F-11D3-BF4B-00C04F79EFBC}") = "05.ReliableApp", "05.ReliableApp\05.ReliableApp.csproj", "{AA13A896-539E-41C2-8491-B97FEBC76715}"
EndProject
Global
	GlobalSection(SolutionConfigurationPlatforms) = preSolution
		Debug|Any CPU = Debug|Any CPU
		Release|Any CPU = Release|Any CPU
	EndGlobalSection
	GlobalSection(ProjectConfigurationPlatforms) = postSolution
		{E658D0BF-E4DA-4146-90E0-58ABBA7EDFA3}.Debug|Any CPU.ActiveCfg = Debug|Any CPU
		{E658D0BF-E4DA-4146-90E0-58ABBA7EDFA3}.Debug|Any CPU.Build.0 = Debug|Any CPU
		{E658D0BF-E4DA-4146-90E0-58ABBA7EDFA3}.Release|Any CPU.ActiveCfg = Release|Any CPU
		{E658D0BF-E4DA-4146-90E0-58ABBA7EDFA3}.Release|Any CPU.Build.0 = Release|Any CPU
		{02DEC5F3-34B9-4A4E-92D2-AFDC4B6E85A1}.Debug|Any CPU.ActiveCfg = Debug|Any CPU
		{02DEC5F3-34B9-4A4E-92D2-AFDC4B6E85A1}.Debug|Any CPU.Build.0 = Debug|Any CPU
		{02DEC5F3-34B9-4A4E-92D2-AFDC4B6E85A1}.Release|Any CPU.ActiveCfg = Release|Any CPU
		{02DEC5F3-34B9-4A4E-92D2-AFDC4B6E85A1}.Release|Any CPU.Build.0 = Release|Any CPU
		{9B19EE6F-F92F-4C9F-B301-C2F13403BE3E}.Debug|Any CPU.ActiveCfg = Debug|Any CPU
		{9B19EE6F-F92F-4C9F-B301-C2F13403BE3E}.Debug|Any CPU.Build.0 = Debug|Any CPU
		{9B19EE6F-F92F-4C9F-B301-C2F13403BE3E}.Release|Any CPU.ActiveCfg = Release|Any CPU
		{9B19EE6F-F92F-4C9F-B301-C2F13403BE3E}.Release|Any CPU.Build.0 = Release|Any CPU
		{59BDF2B0-6985-480A-A181-212FEBBC6350}.Debug|Any CPU.ActiveCfg = Debug|Any CPU
		{59BDF2B0-6985-480A-A181-212FEBBC6350}.Debug|Any CPU.Build.0 = Debug|Any CPU
		{59BDF2B0-6985-480A-A181-212FEBBC6350}.Release|Any CPU.ActiveCfg = Release|Any CPU
		{59BDF2B0-6985-480A-A181-212FEBBC6350}.Release|Any CPU.Build.0 = Release|Any CPU
		{AA13A896-539E-41C2-8491-B97FEBC76715}.Debug|Any CPU.ActiveCfg = Debug|Any CPU
		{AA13A896-539E-41C2-8491-B97FEBC76715}.Debug|Any CPU.Build.0 = Debug|Any CPU
		{AA13A896-539E-41C2-8491-B97FEBC76715}.Release|Any CPU.ActiveCfg = Release|Any CPU
		{AA13A896-539E-41C2-8491-B97FEBC76715}.Release|Any CPU.Build.0 = Release|Any CPU
	EndGlobalSection
	GlobalSection(SolutionProperties) = preSolution
		HideSolutionNode = FALSE
	EndGlobalSection
	GlobalSection(ExtensibilityGlobals) = postSolution
		SolutionGuid = {0D151BAB-7936-4515-8DDB-F0F0D162F3B9}
	EndGlobalSection
EndGlobal
